{
  "name": "src",
  "version": "1.0.0",
  "lockfileVersion": 3,
  "requires": true,
  "packages": {
    "": {
      "name": "src",
      "version": "1.0.0",
      "license": "ISC",
      "dependencies": {
        "jquery": "^3.7.1",
        "parsel-js": "^1.1.2"
      }
    },
    "node_modules/jquery": {
      "version": "3.7.1",
      "resolved": "https://registry.npmjs.org/jquery/-/jquery-3.7.1.tgz",
      "integrity": "sha512-m4avr8yL8kmFN8psrbFFFmB/If14iN5o9nw/NgnnM+kybDJpRsAynV2BsfpTYrTRysYUdADVD7CkUUizgkpLfg=="
    },
    "node_modules/parsel-js": {
      "version": "1.1.2",
      "resolved": "https://registry.npmjs.org/parsel-js/-/parsel-js-1.1.2.tgz",
      "integrity": "sha512-D66DG2nKx4Yoq66TMEyCUHlR2STGqO7vsBrX7tgyS9cfQyO6XD5JyzOiflwmWN6a4wbUAqpmHqmrxlTQVGZcbA=="
    }
  }
}
